// !$*UTF8*$!
{
	archiveVersion = 1;
	classes = {
	};
	objectVersion = 56;
	objects = {

/* Begin PBXBuildFile section */
		F636FDF62AB73CBB0060AF50 /* n_queensApp.swift in Sources */ = {isa = PBXBuildFile; fileRef = F636FDF52AB73CBB0060AF50 /* n_queensApp.swift */; };
		F636FDF82AB73CBB0060AF50 /* ContentView.swift in Sources */ = {isa = PBXBuildFile; fileRef = F636FDF72AB73CBB0060AF50 /* ContentView.swift */; };
		F636FDFA2AB73CBC0060AF50 /* Assets.xcassets in Resources */ = {isa = PBXBuildFile; fileRef = F636FDF92AB73CBC0060AF50 /* Assets.xcassets */; };
		F636FDFE2AB73CBC0060AF50 /* Preview Assets.xcassets in Resources */ = {isa = PBXBuildFile; fileRef = F636FDFD2AB73CBC0060AF50 /* Preview Assets.xcassets */; };
		F636FE082AB73CBD0060AF50 /* n_queensTests.swift in Sources */ = {isa = PBXBuildFile; fileRef = F636FE072AB73CBD0060AF50 /* n_queensTests.swift */; };
		F636FE122AB73CBD0060AF50 /* n_queensUITests.swift in Sources */ = {isa = PBXBuildFile; fileRef = F636FE112AB73CBD0060AF50 /* n_queensUITests.swift */; };
		F636FE142AB73CBD0060AF50 /* n_queensUITestsLaunchTests.swift in Sources */ = {isa = PBXBuildFile; fileRef = F636FE132AB73CBD0060AF50 /* n_queensUITestsLaunchTests.swift */; };
/* End PBXBuildFile section */

/* Begin PBXContainerItemProxy section */
		F636FE042AB73CBD0060AF50 /* PBXContainerItemProxy */ = {
			isa = PBXContainerItemProxy;
			containerPortal = F636FDEA2AB73CBA0060AF50 /* Project object */;
			proxyType = 1;
			remoteGlobalIDString = F636FDF12AB73CBB0060AF50;
			remoteInfo = "n-queens";
		};
		F636FE0E2AB73CBD0060AF50 /* PBXContainerItemProxy */ = {
			isa = PBXContainerItemProxy;
			containerPortal = F636FDEA2AB73CBA0060AF50 /* Project object */;
			proxyType = 1;
			remoteGlobalIDString = F636FDF12AB73CBB0060AF50;
			remoteInfo = "n-queens";
		};
/* End PBXContainerItemProxy section */

/* Begin PBXFileReference section */
		F636FDF22AB73CBB0060AF50 /* n-queens.app */ = {isa = PBXFileReference; explicitFileType = wrapper.application; includeInIndex = 0; path = "n-queens.app"; sourceTree = BUILT_PRODUCTS_DIR; };
		F636FDF52AB73CBB0060AF50 /* n_queensApp.swift */ = {isa = PBXFileReference; lastKnownFileType = sourcecode.swift; path = n_queensApp.swift; sourceTree = "<group>"; };
		F636FDF72AB73CBB0060AF50 /* ContentView.swift */ = {isa = PBXFileReference; lastKnownFileType = sourcecode.swift; path = ContentView.swift; sourceTree = "<group>"; };
		F636FDF92AB73CBC0060AF50 /* Assets.xcassets */ = {isa = PBXFileReference; lastKnownFileType = folder.assetcatalog; path = Assets.xcassets; sourceTree = "<group>"; };
		F636FDFB2AB73CBC0060AF50 /* n_queens.entitlements */ = {isa = PBXFileReference; lastKnownFileType = text.plist.entitlements; path = n_queens.entitlements; sourceTree = "<group>"; };
		F636FDFD2AB73CBC0060AF50 /* Preview Assets.xcassets */ = {isa = PBXFileReference; lastKnownFileType = folder.assetcatalog; path = "Preview Assets.xcassets"; sourceTree = "<group>"; };
		F636FE032AB73CBD0060AF50 /* n-queensTests.xctest */ = {isa = PBXFileReference; explicitFileType = wrapper.cfbundle; includeInIndex = 0; path = "n-queensTests.xctest"; sourceTree = BUILT_PRODUCTS_DIR; };
		F636FE072AB73CBD0060AF50 /* n_queensTests.swift */ = {isa = PBXFileReference; lastKnownFileType = sourcecode.swift; path = n_queensTests.swift; sourceTree = "<group>"; };
		F636FE0D2AB73CBD0060AF50 /* n-queensUITests.xctest */ = {isa = PBXFileReference; explicitFileType = wrapper.cfbundle; includeInIndex = 0; path = "n-queensUITests.xctest"; sourceTree = BUILT_PRODUCTS_DIR; };
		F636FE112AB73CBD0060AF50 /* n_queensUITests.swift */ = {isa = PBXFileReference; lastKnownFileType = sourcecode.swift; path = n_queensUITests.swift; sourceTree = "<group>"; };
		F636FE132AB73CBD0060AF50 /* n_queensUITestsLaunchTests.swift */ = {isa = PBXFileReference; lastKnownFileType = sourcecode.swift; path = n_queensUITestsLaunchTests.swift; sourceTree = "<group>"; };
/* End PBXFileReference section */

/* Begin PBXFrameworksBuildPhase section */
		F636FDEF2AB73CBB0060AF50 /* Frameworks */ = {
			isa = PBXFrameworksBuildPhase;
			buildActionMask = 2147483647;
			files = (
			);
			runOnlyForDeploymentPostprocessing = 0;
		};
		F636FE002AB73CBD0060AF50 /* Frameworks */ = {
			isa = PBXFrameworksBuildPhase;
			buildActionMask = 2147483647;
			files = (
			);
			runOnlyForDeploymentPostprocessing = 0;
		};
		F636FE0A2AB73CBD0060AF50 /* Frameworks */ = {
			isa = PBXFrameworksBuildPhase;
			buildActionMask = 2147483647;
			files = (
			);
			runOnlyForDeploymentPostprocessing = 0;
		};
/* End PBXFrameworksBuildPhase section */

/* Begin PBXGroup section */
		F636FDE92AB73CBA0060AF50 = {
			isa = PBXGroup;
			children = (
				F636FDF42AB73CBB0060AF50 /* n-queens */,
				F636FE062AB73CBD0060AF50 /* n-queensTests */,
				F636FE102AB73CBD0060AF50 /* n-queensUITests */,
				F636FDF32AB73CBB0060AF50 /* Products */,
			);
			sourceTree = "<group>";
		};
		F636FDF32AB73CBB0060AF50 /* Products */ = {
			isa = PBXGroup;
			children = (
				F636FDF22AB73CBB0060AF50 /* n-queens.app */,
				F636FE032AB73CBD0060AF50 /* n-queensTests.xctest */,
				F636FE0D2AB73CBD0060AF50 /* n-queensUITests.xctest */,
			);
			name = Products;
			sourceTree = "<group>";
		};
		F636FDF42AB73CBB0060AF50 /* n-queens */ = {
			isa = PBXGroup;
			children = (
				F636FDF52AB73CBB0060AF50 /* n_queensApp.swift */,
				F636FDF72AB73CBB0060AF50 /* ContentView.swift */,
				F636FDF92AB73CBC0060AF50 /* Assets.xcassets */,
				F636FDFB2AB73CBC0060AF50 /* n_queens.entitlements */,
				F636FDFC2AB73CBC0060AF50 /* Preview Content */,
			);
			path = "n-queens";
			sourceTree = "<group>";
		};
		F636FDFC2AB73CBC0060AF50 /* Preview Content */ = {
			isa = PBXGroup;
			children = (
				F636FDFD2AB73CBC0060AF50 /* Preview Assets.xcassets */,
			);
			path = "Preview Content";
			sourceTree = "<group>";
		};
		F636FE062AB73CBD0060AF50 /* n-queensTests */ = {
			isa = PBXGroup;
			children = (
				F636FE072AB73CBD0060AF50 /* n_queensTests.swift */,
			);
			path = "n-queensTests";
			sourceTree = "<group>";
		};
		F636FE102AB73CBD0060AF50 /* n-queensUITests */ = {
			isa = PBXGroup;
			children = (
				F636FE112AB73CBD0060AF50 /* n_queensUITests.swift */,
				F636FE132AB73CBD0060AF50 /* n_queensUITestsLaunchTests.swift */,
			);
			path = "n-queensUITests";
			sourceTree = "<group>";
		};
/* End PBXGroup section */

/* Begin PBXNativeTarget section */
		F636FDF12AB73CBB0060AF50 /* n-queens */ = {
			isa = PBXNativeTarget;
			buildConfigurationList = F636FE172AB73CBD0060AF50 /* Build configuration list for PBXNativeTarget "n-queens" */;
			buildPhases = (
				F636FDEE2AB73CBB0060AF50 /* Sources */,
				F636FDEF2AB73CBB0060AF50 /* Frameworks */,
				F636FDF02AB73CBB0060AF50 /* Resources */,
			);
			buildRules = (
			);
			dependencies = (
			);
			name = "n-queens";
			productName = "n-queens";
			productReference = F636FDF22AB73CBB0060AF50 /* n-queens.app */;
			productType = "com.apple.product-type.application";
		};
		F636FE022AB73CBD0060AF50 /* n-queensTests */ = {
			isa = PBXNativeTarget;
			buildConfigurationList = F636FE1A2AB73CBD0060AF50 /* Build configuration list for PBXNativeTarget "n-queensTests" */;
			buildPhases = (
				F636FDFF2AB73CBD0060AF50 /* Sources */,
				F636FE002AB73CBD0060AF50 /* Frameworks */,
				F636FE012AB73CBD0060AF50 /* Resources */,
			);
			buildRules = (
			);
			dependencies = (
				F636FE052AB73CBD0060AF50 /* PBXTargetDependency */,
			);
			name = "n-queensTests";
			productName = "n-queensTests";
			productReference = F636FE032AB73CBD0060AF50 /* n-queensTests.xctest */;
			productType = "com.apple.product-type.bundle.unit-test";
		};
		F636FE0C2AB73CBD0060AF50 /* n-queensUITests */ = {
			isa = PBXNativeTarget;
			buildConfigurationList = F636FE1D2AB73CBD0060AF50 /* Build configuration list for PBXNativeTarget "n-queensUITests" */;
			buildPhases = (
				F636FE092AB73CBD0060AF50 /* Sources */,
				F636FE0A2AB73CBD0060AF50 /* Frameworks */,
				F636FE0B2AB73CBD0060AF50 /* Resources */,
			);
			buildRules = (
			);
			dependencies = (
				F636FE0F2AB73CBD0060AF50 /* PBXTargetDependency */,
			);
			name = "n-queensUITests";
			productName = "n-queensUITests";
			productReference = F636FE0D2AB73CBD0060AF50 /* n-queensUITests.xctest */;
			productType = "com.apple.product-type.bundle.ui-testing";
		};
/* End PBXNativeTarget section */

/* Begin PBXProject section */
		F636FDEA2AB73CBA0060AF50 /* Project object */ = {
			isa = PBXProject;
			attributes = {
				BuildIndependentTargetsInParallel = 1;
				LastSwiftUpdateCheck = 1430;
				LastUpgradeCheck = 1430;
				TargetAttributes = {
					F636FDF12AB73CBB0060AF50 = {
						CreatedOnToolsVersion = 14.3.1;
					};
					F636FE022AB73CBD0060AF50 = {
						CreatedOnToolsVersion = 14.3.1;
						TestTargetID = F636FDF12AB73CBB0060AF50;
					};
					F636FE0C2AB73CBD0060AF50 = {
						CreatedOnToolsVersion = 14.3.1;
						TestTargetID = F636FDF12AB73CBB0060AF50;
					};
				};
			};
			buildConfigurationList = F636FDED2AB73CBA0060AF50 /* Build configuration list for PBXProject "n-queens" */;
			compatibilityVersion = "Xcode 14.0";
			developmentRegion = en;
			hasScannedForEncodings = 0;
			knownRegions = (
				en,
				Base,
			);
			mainGroup = F636FDE92AB73CBA0060AF50;
			productRefGroup = F636FDF32AB73CBB0060AF50 /* Products */;
			projectDirPath = "";
			projectRoot = "";
			targets = (
				F636FDF12AB73CBB0060AF50 /* n-queens */,
				F636FE022AB73CBD0060AF50 /* n-queensTests */,
				F636FE0C2AB73CBD0060AF50 /* n-queensUITests */,
			);
		};
/* End PBXProject section */

/* Begin PBXResourcesBuildPhase section */
		F636FDF02AB73CBB0060AF50 /* Resources */ = {
			isa = PBXResourcesBuildPhase;
			buildActionMask = 2147483647;
			files = (
				F636FDFE2AB73CBC0060AF50 /* Preview Assets.xcassets in Resources */,
				F636FDFA2AB73CBC0060AF50 /* Assets.xcassets in Resources */,
			);
			runOnlyForDeploymentPostprocessing = 0;
		};
		F636FE012AB73CBD0060AF50 /* Resources */ = {
			isa = PBXResourcesBuildPhase;
			buildActionMask = 2147483647;
			files = (
			);
			runOnlyForDeploymentPostprocessing = 0;
		};
		F636FE0B2AB73CBD0060AF50 /* Resources */ = {
			isa = PBXResourcesBuildPhase;
			buildActionMask = 2147483647;
			files = (
			);
			runOnlyForDeploymentPostprocessing = 0;
		};
/* End PBXResourcesBuildPhase section */

/* Begin PBXSourcesBuildPhase section */
		F636FDEE2AB73CBB0060AF50 /* Sources */ = {
			isa = PBXSourcesBuildPhase;
			buildActionMask = 2147483647;
			files = (
				F636FDF82AB73CBB0060AF50 /* ContentView.swift in Sources */,
				F636FDF62AB73CBB0060AF50 /* n_queensApp.swift in Sources */,
			);
			runOnlyForDeploymentPostprocessing = 0;
		};
		F636FDFF2AB73CBD0060AF50 /* Sources */ = {
			isa = PBXSourcesBuildPhase;
			buildActionMask = 2147483647;
			files = (
				F636FE082AB73CBD0060AF50 /* n_queensTests.swift in Sources */,
			);
			runOnlyForDeploymentPostprocessing = 0;
		};
		F636FE092AB73CBD0060AF50 /* Sources */ = {
			isa = PBXSourcesBuildPhase;
			buildActionMask = 2147483647;
			files = (
				F636FE142AB73CBD0060AF50 /* n_queensUITestsLaunchTests.swift in Sources */,
				F636FE122AB73CBD0060AF50 /* n_queensUITests.swift in Sources */,
			);
			runOnlyForDeploymentPostprocessing = 0;
		};
/* End PBXSourcesBuildPhase section */

/* Begin PBXTargetDependency section */
		F636FE052AB73CBD0060AF50 /* PBXTargetDependency */ = {
			isa = PBXTargetDependency;
			target = F636FDF12AB73CBB0060AF50 /* n-queens */;
			targetProxy = F636FE042AB73CBD0060AF50 /* PBXContainerItemProxy */;
		};
		F636FE0F2AB73CBD0060AF50 /* PBXTargetDependency */ = {
			isa = PBXTargetDependency;
			target = F636FDF12AB73CBB0060AF50 /* n-queens */;
			targetProxy = F636FE0E2AB73CBD0060AF50 /* PBXContainerItemProxy */;
		};
/* End PBXTargetDependency section */

/* Begin XCBuildConfiguration section */
		F636FE152AB73CBD0060AF50 /* Debug */ = {
			isa = XCBuildConfiguration;
			buildSettings = {
				ALWAYS_SEARCH_USER_PATHS = NO;
				CLANG_ANALYZER_NONNULL = YES;
				CLANG_ANALYZER_NUMBER_OBJECT_CONVERSION = YES_AGGRESSIVE;
				CLANG_CXX_LANGUAGE_STANDARD = "gnu++20";
				CLANG_ENABLE_MODULES = YES;
				CLANG_ENABLE_OBJC_ARC = YES;
				CLANG_ENABLE_OBJC_WEAK = YES;
				CLANG_WARN_BLOCK_CAPTURE_AUTORELEASING = YES;
				CLANG_WARN_BOOL_CONVERSION = YES;
				CLANG_WARN_COMMA = YES;
				CLANG_WARN_CONSTANT_CONVERSION = YES;
				CLANG_WARN_DEPRECATED_OBJC_IMPLEMENTATIONS = YES;
				CLANG_WARN_DIRECT_OBJC_ISA_USAGE = YES_ERROR;
				CLANG_WARN_DOCUMENTATION_COMMENTS = YES;
				CLANG_WARN_EMPTY_BODY = YES;
				CLANG_WARN_ENUM_CONVERSION = YES;
				CLANG_WARN_INFINITE_RECURSION = YES;
				CLANG_WARN_INT_CONVERSION = YES;
				CLANG_WARN_NON_LITERAL_NULL_CONVERSION = YES;
				CLANG_WARN_OBJC_IMPLICIT_RETAIN_SELF = YES;
				CLANG_WARN_OBJC_LITERAL_CONVERSION = YES;
				CLANG_WARN_OBJC_ROOT_CLASS = YES_ERROR;
				CLANG_WARN_QUOTED_INCLUDE_IN_FRAMEWORK_HEADER = YES;
				CLANG_WARN_RANGE_LOOP_ANALYSIS = YES;
				CLANG_WARN_STRICT_PROTOTYPES = YES;
				CLANG_WARN_SUSPICIOUS_MOVE = YES;
				CLANG_WARN_UNGUARDED_AVAILABILITY = YES_AGGRESSIVE;
				CLANG_WARN_UNREACHABLE_CODE = YES;
				CLANG_WARN__DUPLICATE_METHOD_MATCH = YES;
				COPY_PHASE_STRIP = NO;
				DEBUG_INFORMATION_FORMAT = dwarf;
				ENABLE_STRICT_OBJC_MSGSEND = YES;
				ENABLE_TESTABILITY = YES;
				GCC_C_LANGUAGE_STANDARD = gnu11;
				GCC_DYNAMIC_NO_PIC = NO;
				GCC_NO_COMMON_BLOCKS = YES;
				GCC_OPTIMIZATION_LEVEL = 0;
				GCC_PREPROCESSOR_DEFINITIONS = (
					"DEBUG=1",
					"$(inherited)",
				);
				GCC_WARN_64_TO_32_BIT_CONVERSION = YES;
				GCC_WARN_ABOUT_RETURN_TYPE = YES_ERROR;
				GCC_WARN_UNDECLARED_SELECTOR = YES;
				GCC_WARN_UNINITIALIZED_AUTOS = YES_AGGRESSIVE;
				GCC_WARN_UNUSED_FUNCTION = YES;
				GCC_WARN_UNUSED_VARIABLE = YES;
				MTL_ENABLE_DEBUG_INFO = INCLUDE_SOURCE;
				MTL_FAST_MATH = YES;
				ONLY_ACTIVE_ARCH = YES;
				SWIFT_ACTIVE_COMPILATION_CONDITIONS = DEBUG;
				SWIFT_OPTIMIZATION_LEVEL = "-Onone";
			};
			name = Debug;
		};
		F636FE162AB73CBD0060AF50 /* Release */ = {
			isa = XCBuildConfiguration;
			buildSettings = {
				ALWAYS_SEARCH_USER_PATHS = NO;
				CLANG_ANALYZER_NONNULL = YES;
				CLANG_ANALYZER_NUMBER_OBJECT_CONVERSION = YES_AGGRESSIVE;
				CLANG_CXX_LANGUAGE_STANDARD = "gnu++20";
				CLANG_ENABLE_MODULES = YES;
				CLANG_ENABLE_OBJC_ARC = YES;
				CLANG_ENABLE_OBJC_WEAK = YES;
				CLANG_WARN_BLOCK_CAPTURE_AUTORELEASING = YES;
				CLANG_WARN_BOOL_CONVERSION = YES;
				CLANG_WARN_COMMA = YES;
				CLANG_WARN_CONSTANT_CONVERSION = YES;
				CLANG_WARN_DEPRECATED_OBJC_IMPLEMENTATIONS = YES;
				CLANG_WARN_DIRECT_OBJC_ISA_USAGE = YES_ERROR;
				CLANG_WARN_DOCUMENTATION_COMMENTS = YES;
				CLANG_WARN_EMPTY_BODY = YES;
				CLANG_WARN_ENUM_CONVERSION = YES;
				CLANG_WARN_INFINITE_RECURSION = YES;
				CLANG_WARN_INT_CONVERSION = YES;
				CLANG_WARN_NON_LITERAL_NULL_CONVERSION = YES;
				CLANG_WARN_OBJC_IMPLICIT_RETAIN_SELF = YES;
				CLANG_WARN_OBJC_LITERAL_CONVERSION = YES;
				CLANG_WARN_OBJC_ROOT_CLASS = YES_ERROR;
				CLANG_WARN_QUOTED_INCLUDE_IN_FRAMEWORK_HEADER = YES;
				CLANG_WARN_RANGE_LOOP_ANALYSIS = YES;
				CLANG_WARN_STRICT_PROTOTYPES = YES;
				CLANG_WARN_SUSPICIOUS_MOVE = YES;
				CLANG_WARN_UNGUARDED_AVAILABILITY = YES_AGGRESSIVE;
				CLANG_WARN_UNREACHABLE_CODE = YES;
				CLANG_WARN__DUPLICATE_METHOD_MATCH = YES;
				COPY_PHASE_STRIP = NO;
				DEBUG_INFORMATION_FORMAT = "dwarf-with-dsym";
				ENABLE_NS_ASSERTIONS = NO;
				ENABLE_STRICT_OBJC_MSGSEND = YES;
				GCC_C_LANGUAGE_STANDARD = gnu11;
				GCC_NO_COMMON_BLOCKS = YES;
				GCC_WARN_64_TO_32_BIT_CONVERSION = YES;
				GCC_WARN_ABOUT_RETURN_TYPE = YES_ERROR;
				GCC_WARN_UNDECLARED_SELECTOR = YES;
				GCC_WARN_UNINITIALIZED_AUTOS = YES_AGGRESSIVE;
				GCC_WARN_UNUSED_FUNCTION = YES;
				GCC_WARN_UNUSED_VARIABLE = YES;
				MTL_ENABLE_DEBUG_INFO = NO;
				MTL_FAST_MATH = YES;
				SWIFT_COMPILATION_MODE = wholemodule;
				SWIFT_OPTIMIZATION_LEVEL = "-O";
			};
			name = Release;
		};
		F636FE182AB73CBD0060AF50 /* Debug */ = {
			isa = XCBuildConfiguration;
			buildSettings = {
				ASSETCATALOG_COMPILER_APPICON_NAME = AppIcon;
				ASSETCATALOG_COMPILER_GLOBAL_ACCENT_COLOR_NAME = AccentColor;
				CODE_SIGN_ENTITLEMENTS = "n-queens/n_queens.entitlements";
				CODE_SIGN_STYLE = Automatic;
				CURRENT_PROJECT_VERSION = 1;
				DEVELOPMENT_ASSET_PATHS = "\"n-queens/Preview Content\"";
				ENABLE_PREVIEWS = YES;
				GENERATE_INFOPLIST_FILE = YES;
				"INFOPLIST_KEY_UIApplicationSceneManifest_Generation[sdk=iphoneos*]" = YES;
				"INFOPLIST_KEY_UIApplicationSceneManifest_Generation[sdk=iphonesimulator*]" = YES;
				"INFOPLIST_KEY_UIApplicationSupportsIndirectInputEvents[sdk=iphoneos*]" = YES;
				"INFOPLIST_KEY_UIApplicationSupportsIndirectInputEvents[sdk=iphonesimulator*]" = YES;
				"INFOPLIST_KEY_UILaunchScreen_Generation[sdk=iphoneos*]" = YES;
				"INFOPLIST_KEY_UILaunchScreen_Generation[sdk=iphonesimulator*]" = YES;
				"INFOPLIST_KEY_UIStatusBarStyle[sdk=iphoneos*]" = UIStatusBarStyleDefault;
				"INFOPLIST_KEY_UIStatusBarStyle[sdk=iphonesimulator*]" = UIStatusBarStyleDefault;
				INFOPLIST_KEY_UISupportedInterfaceOrientations_iPad = "UIInterfaceOrientationPortrait UIInterfaceOrientationPortraitUpsideDown UIInterfaceOrientationLandscapeLeft UIInterfaceOrientationLandscapeRight";
				INFOPLIST_KEY_UISupportedInterfaceOrientations_iPhone = "UIInterfaceOrientationPortrait UIInterfaceOrientationLandscapeLeft UIInterfaceOrientationLandscapeRight";
				IPHONEOS_DEPLOYMENT_TARGET = 16.4;
				LD_RUNPATH_SEARCH_PATHS = "@executable_path/Frameworks";
				"LD_RUNPATH_SEARCH_PATHS[sdk=macosx*]" = "@executable_path/../Frameworks";
				MACOSX_DEPLOYMENT_TARGET = 13.3;
				MARKETING_VERSION = 1.0;
				PRODUCT_BUNDLE_IDENTIFIER = "com.n-queens.n-queens";
				PRODUCT_NAME = "$(TARGET_NAME)";
				SDKROOT = auto;
				SUPPORTED_PLATFORMS = "iphoneos iphonesimulator macosx";
				SWIFT_EMIT_LOC_STRINGS = YES;
				SWIFT_VERSION = 5.0;
				TARGETED_DEVICE_FAMILY = "1,2";
			};
			name = Debug;
		};
		F636FE192AB73CBD0060AF50 /* Release */ = {
			isa = XCBuildConfiguration;
			buildSettings = {
				ASSETCATALOG_COMPILER_APPICON_NAME = AppIcon;
				ASSETCATALOG_COMPILER_GLOBAL_ACCENT_COLOR_NAME = AccentColor;
				CODE_SIGN_ENTITLEMENTS = "n-queens/n_queens.entitlements";
				CODE_SIGN_STYLE = Automatic;
				CURRENT_PROJECT_VERSION = 1;
				DEVELOPMENT_ASSET_PATHS = "\"n-queens/Preview Content\"";
				ENABLE_PREVIEWS = YES;
				GENERATE_INFOPLIST_FILE = YES;
				"INFOPLIST_KEY_UIApplicationSceneManifest_Generation[sdk=iphoneos*]" = YES;
				"INFOPLIST_KEY_UIApplicationSceneManifest_Generation[sdk=iphonesimulator*]" = YES;
				"INFOPLIST_KEY_UIApplicationSupportsIndirectInputEvents[sdk=iphoneos*]" = YES;
				"INFOPLIST_KEY_UIApplicationSupportsIndirectInputEvents[sdk=iphonesimulator*]" = YES;
				"INFOPLIST_KEY_UILaunchScreen_Generation[sdk=iphoneos*]" = YES;
				"INFOPLIST_KEY_UILaunchScreen_Generation[sdk=iphonesimulator*]" = YES;
				"INFOPLIST_KEY_UIStatusBarStyle[sdk=iphoneos*]" = UIStatusBarStyleDefault;
				"INFOPLIST_KEY_UIStatusBarStyle[sdk=iphonesimulator*]" = UIStatusBarStyleDefault;
				INFOPLIST_KEY_UISupportedInterfaceOrientations_iPad = "UIInterfaceOrientationPortrait UIInterfaceOrientationPortraitUpsideDown UIInterfaceOrientationLandscapeLeft UIInterfaceOrientationLandscapeRight";
				INFOPLIST_KEY_UISupportedInterfaceOrientations_iPhone = "UIInterfaceOrientationPortrait UIInterfaceOrientationLandscapeLeft UIInterfaceOrientationLandscapeRight";
				IPHONEOS_DEPLOYMENT_TARGET = 16.4;
				LD_RUNPATH_SEARCH_PATHS = "@executable_path/Frameworks";
				"LD_RUNPATH_SEARCH_PATHS[sdk=macosx*]" = "@executable_path/../Frameworks";
				MACOSX_DEPLOYMENT_TARGET = 13.3;
				MARKETING_VERSION = 1.0;
				PRODUCT_BUNDLE_IDENTIFIER = "com.n-queens.n-queens";
				PRODUCT_NAME = "$(TARGET_NAME)";
				SDKROOT = auto;
				SUPPORTED_PLATFORMS = "iphoneos iphonesimulator macosx";
				SWIFT_EMIT_LOC_STRINGS = YES;
				SWIFT_VERSION = 5.0;
				TARGETED_DEVICE_FAMILY = "1,2";
			};
			name = Release;
		};
		F636FE1B2AB73CBD0060AF50 /* Debug */ = {
			isa = XCBuildConfiguration;
			buildSettings = {
				ALWAYS_EMBED_SWIFT_STANDARD_LIBRARIES = YES;
				BUNDLE_LOADER = "$(TEST_HOST)";
				CODE_SIGN_STYLE = Automatic;
				CURRENT_PROJECT_VERSION = 1;
				GENERATE_INFOPLIST_FILE = YES;
				IPHONEOS_DEPLOYMENT_TARGET = 16.4;
				MACOSX_DEPLOYMENT_TARGET = 13.3;
				MARKETING_VERSION = 1.0;
				PRODUCT_BUNDLE_IDENTIFIER = "com.n-queens.n-queensTests";
				PRODUCT_NAME = "$(TARGET_NAME)";
				SDKROOT = auto;
				SUPPORTED_PLATFORMS = "iphoneos iphonesimulator macosx";
				SWIFT_EMIT_LOC_STRINGS = NO;
				SWIFT_VERSION = 5.0;
				TARGETED_DEVICE_FAMILY = "1,2";
				TEST_HOST = "$(BUILT_PRODUCTS_DIR)/n-queens.app/$(BUNDLE_EXECUTABLE_FOLDER_PATH)/n-queens";
			};
			name = Debug;
		};
		F636FE1C2AB73CBD0060AF50 /* Release */ = {
			isa = XCBuildConfiguration;
			buildSettings = {
				ALWAYS_EMBED_SWIFT_STANDARD_LIBRARIES = YES;
				BUNDLE_LOADER = "$(TEST_HOST)";
				CODE_SIGN_STYLE = Automatic;
				CURRENT_PROJECT_VERSION = 1;
				GENERATE_INFOPLIST_FILE = YES;
				IPHONEOS_DEPLOYMENT_TARGET = 16.4;
				MACOSX_DEPLOYMENT_TARGET = 13.3;
				MARKETING_VERSION = 1.0;
				PRODUCT_BUNDLE_IDENTIFIER = "com.n-queens.n-queensTests";
				PRODUCT_NAME = "$(TARGET_NAME)";
				SDKROOT = auto;
				SUPPORTED_PLATFORMS = "iphoneos iphonesimulator macosx";
				SWIFT_EMIT_LOC_STRINGS = NO;
				SWIFT_VERSION = 5.0;
				TARGETED_DEVICE_FAMILY = "1,2";
				TEST_HOST = "$(BUILT_PRODUCTS_DIR)/n-queens.app/$(BUNDLE_EXECUTABLE_FOLDER_PATH)/n-queens";
			};
			name = Release;
		};
		F636FE1E2AB73CBD0060AF50 /* Debug */ = {
			isa = XCBuildConfiguration;
			buildSettings = {
				ALWAYS_EMBED_SWIFT_STANDARD_LIBRARIES = YES;
				CODE_SIGN_STYLE = Automatic;
				CURRENT_PROJECT_VERSION = 1;
				GENERATE_INFOPLIST_FILE = YES;
				IPHONEOS_DEPLOYMENT_TARGET = 16.4;
				MACOSX_DEPLOYMENT_TARGET = 13.3;
				MARKETING_VERSION = 1.0;
				PRODUCT_BUNDLE_IDENTIFIER = "com.n-queens.n-queensUITests";
				PRODUCT_NAME = "$(TARGET_NAME)";
				SDKROOT = auto;
				SUPPORTED_PLATFORMS = "iphoneos iphonesimulator macosx";
				SWIFT_EMIT_LOC_STRINGS = NO;
				SWIFT_VERSION = 5.0;
				TARGETED_DEVICE_FAMILY = "1,2";
				TEST_TARGET_NAME = "n-queens";
			};
			name = Debug;
		};
		F636FE1F2AB73CBD0060AF50 /* Release */ = {
			isa = XCBuildConfiguration;
			buildSettings = {
				ALWAYS_EMBED_SWIFT_STANDARD_LIBRARIES = YES;
				CODE_SIGN_STYLE = Automatic;
				CURRENT_PROJECT_VERSION = 1;
				GENERATE_INFOPLIST_FILE = YES;
				IPHONEOS_DEPLOYMENT_TARGET = 16.4;
				MACOSX_DEPLOYMENT_TARGET = 13.3;
				MARKETING_VERSION = 1.0;
				PRODUCT_BUNDLE_IDENTIFIER = "com.n-queens.n-queensUITests";
				PRODUCT_NAME = "$(TARGET_NAME)";
				SDKROOT = auto;
				SUPPORTED_PLATFORMS = "iphoneos iphonesimulator macosx";
				SWIFT_EMIT_LOC_STRINGS = NO;
				SWIFT_VERSION = 5.0;
				TARGETED_DEVICE_FAMILY = "1,2";
				TEST_TARGET_NAME = "n-queens";
			};
			name = Release;
		};
/* End XCBuildConfiguration section */

/* Begin XCConfigurationList section */
		F636FDED2AB73CBA0060AF50 /* Build configuration list for PBXProject "n-queens" */ = {
			isa = XCConfigurationList;
			buildConfigurations = (
				F636FE152AB73CBD0060AF50 /* Debug */,
				F636FE162AB73CBD0060AF50 /* Release */,
			);
			defaultConfigurationIsVisible = 0;
			defaultConfigurationName = Release;
		};
		F636FE172AB73CBD0060AF50 /* Build configuration list for PBXNativeTarget "n-queens" */ = {
			isa = XCConfigurationList;
			buildConfigurations = (
				F636FE182AB73CBD0060AF50 /* Debug */,
				F636FE192AB73CBD0060AF50 /* Release */,
			);
			defaultConfigurationIsVisible = 0;
			defaultConfigurationName = Release;
		};
		F636FE1A2AB73CBD0060AF50 /* Build configuration list for PBXNativeTarget "n-queensTests" */ = {
			isa = XCConfigurationList;
			buildConfigurations = (
				F636FE1B2AB73CBD0060AF50 /* Debug */,
				F636FE1C2AB73CBD0060AF50 /* Release */,
			);
			defaultConfigurationIsVisible = 0;
			defaultConfigurationName = Release;
		};
		F636FE1D2AB73CBD0060AF50 /* Build configuration list for PBXNativeTarget "n-queensUITests" */ = {
			isa = XCConfigurationList;
			buildConfigurations = (
				F636FE1E2AB73CBD0060AF50 /* Debug */,
				F636FE1F2AB73CBD0060AF50 /* Release */,
			);
			defaultConfigurationIsVisible = 0;
			defaultConfigurationName = Release;
		};
/* End XCConfigurationList section */
	};
	rootObject = F636FDEA2AB73CBA0060AF50 /* Project object */;
}
